
Microsoft Visual Studio Solution File, Format Version 12.00
# Visual Studio Version 17
VisualStudioVersion = 17.8.34316.72
MinimumVisualStudioVersion = 10.0.40219.1
Project("{FAE04EC0-301F-11D3-BF4B-00C04F79EFBC}") = "SistemaTickets", "SistemaTickets\SistemaTickets.csproj", "{27452B5F-C0E2-4F98-B068-1197DF5F2B99}"
EndProject
Global
	GlobalSection(SolutionConfigurationPlatforms) = preSolution
		Debug|Any CPU = Debug|Any CPU
		Release|Any CPU = Release|Any CPU
	EndGlobalSection
	GlobalSection(ProjectConfigurationPlatforms) = postSolution
		{27452B5F-C0E2-4F98-B068-1197DF5F2B99}.Debug|Any CPU.ActiveCfg = Debug|Any CPU
		{27452B5F-C0E2-4F98-B068-1197DF5F2B99}.Debug|Any CPU.Build.0 = Debug|Any CPU
		{27452B5F-C0E2-4F98-B068-1197DF5F2B99}.Release|Any CPU.ActiveCfg = Release|Any CPU
		{27452B5F-C0E2-4F98-B068-1197DF5F2B99}.Release|Any CPU.Build.0 = Release|Any CPU
	EndGlobalSection
	GlobalSection(SolutionProperties) = preSolution
		HideSolutionNode = FALSE
	EndGlobalSection
	GlobalSection(ExtensibilityGlobals) = postSolution
		SolutionGuid = {8A89C6B5-1E66-4D56-A366-1159F3E7860D}
	EndGlobalSection
EndGlobal
